# THIS IS AN AUTOGENERATED FILE. DO NOT EDIT THIS FILE DIRECTLY.
# yarn lockfile v1


lodash.isplainobject@^4.0.6:
  version "4.0.6"
  resolved "http://registry.npm.taobao.org/lodash.isplainobject/download/lodash.isplainobject-4.0.6.tgz#7c526a52d89b45c45cc690b88163be0497f550cb"
  integrity sha1-fFJqUtibRcRcxpC4gWO+BJf1UMs=

qs@^6.6.0:
  version "6.7.0"
  resolved "http://registry.npm.taobao.org/qs/download/qs-6.7.0.tgz#41dc1a015e3d581f1621776be31afb2876a9b1bc"
  integrity sha1-QdwaAV49WB8WIXdr4xr7KHapsbw=

safe-buffer@^5.1.1:
  version "5.1.2"
  resolved "http://registry.npm.taobao.org/safe-buffer/download/safe-buffer-5.1.2.tgz#991ec69d296e0313747d59bdfd2b745c35f8828d"
  integrity sha1-mR7GnSluAxN0fVm9/St0XDX4go0=

stripe@^6.28.0:
  version "6.28.0"
  resolved "http://registry.npm.taobao.org/stripe/download/stripe-6.28.0.tgz#81f2bf174efe9503b50f24930a7e1d195c60f810"
  integrity sha1-gfK/F07+lQO1DySTCn4dGVxg+BA=
  dependencies:
    lodash.isplainobject "^4.0.6"
    qs "^6.6.0"
    safe-buffer "^5.1.1"
    uuid "^3.3.2"

uuid@^3.3.2:
  version "3.3.2"
  resolved "http://registry.npm.taobao.org/uuid/download/uuid-3.3.2.tgz?cache=0&other_urls=http%3A%2F%2Fregistry.npm.taobao.org%2Fuuid%2Fdownload%2Fuuid-3.3.2.tgz#1b4af4955eb3077c501c23872fc6513811587131"
  integrity sha1-G0r0lV6zB3xQHCOHL8ZROBFYcTE=
